
Microsoft Visual Studio Solution File, Format Version 12.00
# Visual Studio Version 17
VisualStudioVersion = 17.6.33801.468
MinimumVisualStudioVersion = 10.0.40219.1
Project("{9A19103F-16F7-4668-BE54-9A1E7A4F7556}") = "EmployeeAPIs", "EmployeeAPIs.csproj", "{288222C9-40E0-4754-92A8-951197A2A173}"
EndProject
Project("{9A19103F-16F7-4668-BE54-9A1E7A4F7556}") = "EmployeeAPITestProject", "..\IntTesting\EmployeeAPITestProject.csproj", "{E491D53F-9636-40A0-85BE-AAF9B9374AD2}"
EndProject
Global
	GlobalSection(SolutionConfigurationPlatforms) = preSolution
		Debug|Any CPU = Debug|Any CPU
		Release|Any CPU = Release|Any CPU
	EndGlobalSection
	GlobalSection(ProjectConfigurationPlatforms) = postSolution
		{288222C9-40E0-4754-92A8-951197A2A173}.Debug|Any CPU.ActiveCfg = Debug|Any CPU
		{288222C9-40E0-4754-92A8-951197A2A173}.Debug|Any CPU.Build.0 = Debug|Any CPU
		{288222C9-40E0-4754-92A8-951197A2A173}.Release|Any CPU.ActiveCfg = Release|Any CPU
		{288222C9-40E0-4754-92A8-951197A2A173}.Release|Any CPU.Build.0 = Release|Any CPU
		{E491D53F-9636-40A0-85BE-AAF9B9374AD2}.Debug|Any CPU.ActiveCfg = Debug|Any CPU
		{E491D53F-9636-40A0-85BE-AAF9B9374AD2}.Debug|Any CPU.Build.0 = Debug|Any CPU
		{E491D53F-9636-40A0-85BE-AAF9B9374AD2}.Release|Any CPU.ActiveCfg = Release|Any CPU
		{E491D53F-9636-40A0-85BE-AAF9B9374AD2}.Release|Any CPU.Build.0 = Release|Any CPU
	EndGlobalSection
	GlobalSection(SolutionProperties) = preSolution
		HideSolutionNode = FALSE
	EndGlobalSection
	GlobalSection(ExtensibilityGlobals) = postSolution
		SolutionGuid = {12C1046A-E0EB-4FEC-AA52-36F3E0D1D992}
	EndGlobalSection
EndGlobal
